
Microsoft Visual Studio Solution File, Format Version 12.00
# Visual Studio Version 16
VisualStudioVersion = 16.0.33214.272
MinimumVisualStudioVersion = 10.0.40219.1
Project("{FAE04EC0-301F-11D3-BF4B-00C04F79EFBC}") = "LhrMain", "LhrMain\LhrMain.csproj", "{20B168ED-D6DF-44CB-B910-372FE301102A}"
EndProject
Global
	GlobalSection(SolutionConfigurationPlatforms) = preSolution
		Debug|Any CPU = Debug|Any CPU
		Release|Any CPU = Release|Any CPU
	EndGlobalSection
	GlobalSection(ProjectConfigurationPlatforms) = postSolution
		{20B168ED-D6DF-44CB-B910-372FE301102A}.Debug|Any CPU.ActiveCfg = Debug|Any CPU
		{20B168ED-D6DF-44CB-B910-372FE301102A}.Debug|Any CPU.Build.0 = Debug|Any CPU
		{20B168ED-D6DF-44CB-B910-372FE301102A}.Release|Any CPU.ActiveCfg = Release|Any CPU
		{20B168ED-D6DF-44CB-B910-372FE301102A}.Release|Any CPU.Build.0 = Release|Any CPU
	EndGlobalSection
	GlobalSection(SolutionProperties) = preSolution
		HideSolutionNode = FALSE
	EndGlobalSection
	GlobalSection(ExtensibilityGlobals) = postSolution
		SolutionGuid = {C4514E12-32A6-41C5-B218-E3CB9447C881}
	EndGlobalSection
EndGlobal
